
Microsoft Visual Studio Solution File, Format Version 12.00
# Visual Studio Version 17
VisualStudioVersion = 17.4.33122.133
MinimumVisualStudioVersion = 10.0.40219.1
Project("{9A19103F-16F7-4668-BE54-9A1E7A4F7556}") = "DataAccess", "DataAccess\DataAccess.csproj", "{1B63F25D-C241-4CE5-BCF9-F052F1577500}"
EndProject
Project("{9A19103F-16F7-4668-BE54-9A1E7A4F7556}") = "Business", "Business\Business.csproj", "{1864A14F-C27A-40C4-89B2-10936BF2F18B}"
EndProject
Project("{9A19103F-16F7-4668-BE54-9A1E7A4F7556}") = "Entities", "Entities\Entities.csproj", "{6EE66674-3AF0-468A-AAC7-D6DADE1D1D26}"
EndProject
Project("{9A19103F-16F7-4668-BE54-9A1E7A4F7556}") = "ConsoleUI", "ConsoleUI\ConsoleUI.csproj", "{135C4643-87BF-4C59-A99D-A186D26743F1}"
EndProject
Project("{9A19103F-16F7-4668-BE54-9A1E7A4F7556}") = "Core", "Core\Core.csproj", "{EF20C90C-5274-4081-94A3-270052200093}"
EndProject
Project("{FAE04EC0-301F-11D3-BF4B-00C04F79EFBC}") = "WebAPI", "WebAPI\WebAPI.csproj", "{3EF07A17-8953-42E6-A48F-8F8FD1439E72}"
EndProject
Global
	GlobalSection(SolutionConfigurationPlatforms) = preSolution
		Debug|Any CPU = Debug|Any CPU
		Release|Any CPU = Release|Any CPU
	EndGlobalSection
	GlobalSection(ProjectConfigurationPlatforms) = postSolution
		{1B63F25D-C241-4CE5-BCF9-F052F1577500}.Debug|Any CPU.ActiveCfg = Debug|Any CPU
		{1B63F25D-C241-4CE5-BCF9-F052F1577500}.Debug|Any CPU.Build.0 = Debug|Any CPU
		{1B63F25D-C241-4CE5-BCF9-F052F1577500}.Release|Any CPU.ActiveCfg = Release|Any CPU
		{1B63F25D-C241-4CE5-BCF9-F052F1577500}.Release|Any CPU.Build.0 = Release|Any CPU
		{1864A14F-C27A-40C4-89B2-10936BF2F18B}.Debug|Any CPU.ActiveCfg = Debug|Any CPU
		{1864A14F-C27A-40C4-89B2-10936BF2F18B}.Debug|Any CPU.Build.0 = Debug|Any CPU
		{1864A14F-C27A-40C4-89B2-10936BF2F18B}.Release|Any CPU.ActiveCfg = Release|Any CPU
		{1864A14F-C27A-40C4-89B2-10936BF2F18B}.Release|Any CPU.Build.0 = Release|Any CPU
		{6EE66674-3AF0-468A-AAC7-D6DADE1D1D26}.Debug|Any CPU.ActiveCfg = Debug|Any CPU
		{6EE66674-3AF0-468A-AAC7-D6DADE1D1D26}.Debug|Any CPU.Build.0 = Debug|Any CPU
		{6EE66674-3AF0-468A-AAC7-D6DADE1D1D26}.Release|Any CPU.ActiveCfg = Release|Any CPU
		{6EE66674-3AF0-468A-AAC7-D6DADE1D1D26}.Release|Any CPU.Build.0 = Release|Any CPU
		{135C4643-87BF-4C59-A99D-A186D26743F1}.Debug|Any CPU.ActiveCfg = Debug|Any CPU
		{135C4643-87BF-4C59-A99D-A186D26743F1}.Debug|Any CPU.Build.0 = Debug|Any CPU
		{135C4643-87BF-4C59-A99D-A186D26743F1}.Release|Any CPU.ActiveCfg = Release|Any CPU
		{135C4643-87BF-4C59-A99D-A186D26743F1}.Release|Any CPU.Build.0 = Release|Any CPU
		{EF20C90C-5274-4081-94A3-270052200093}.Debug|Any CPU.ActiveCfg = Debug|Any CPU
		{EF20C90C-5274-4081-94A3-270052200093}.Debug|Any CPU.Build.0 = Debug|Any CPU
		{EF20C90C-5274-4081-94A3-270052200093}.Release|Any CPU.ActiveCfg = Release|Any CPU
		{EF20C90C-5274-4081-94A3-270052200093}.Release|Any CPU.Build.0 = Release|Any CPU
		{3EF07A17-8953-42E6-A48F-8F8FD1439E72}.Debug|Any CPU.ActiveCfg = Debug|Any CPU
		{3EF07A17-8953-42E6-A48F-8F8FD1439E72}.Debug|Any CPU.Build.0 = Debug|Any CPU
		{3EF07A17-8953-42E6-A48F-8F8FD1439E72}.Release|Any CPU.ActiveCfg = Release|Any CPU
		{3EF07A17-8953-42E6-A48F-8F8FD1439E72}.Release|Any CPU.Build.0 = Release|Any CPU
	EndGlobalSection
	GlobalSection(SolutionProperties) = preSolution
		HideSolutionNode = FALSE
	EndGlobalSection
	GlobalSection(ExtensibilityGlobals) = postSolution
		SolutionGuid = {979A1EA4-C9EF-4E29-B74F-9BB2F93425F3}
	EndGlobalSection
EndGlobal
